
Microsoft Visual Studio Solution File, Format Version 12.00
# Visual Studio Version 17
VisualStudioVersion = 17.8.34408.163
MinimumVisualStudioVersion = 10.0.40219.1
Project("{FAE04EC0-301F-11D3-BF4B-00C04F79EFBC}") = "Free_Internet", "Free_Internet\Free_Internet.csproj", "{5618E027-0327-4D4C-AC60-72FFC73B5144}"
EndProject
Global
	GlobalSection(SolutionConfigurationPlatforms) = preSolution
		Debug|Any CPU = Debug|Any CPU
		Release|Any CPU = Release|Any CPU
	EndGlobalSection
	GlobalSection(ProjectConfigurationPlatforms) = postSolution
		{5618E027-0327-4D4C-AC60-72FFC73B5144}.Debug|Any CPU.ActiveCfg = Debug|Any CPU
		{5618E027-0327-4D4C-AC60-72FFC73B5144}.Debug|Any CPU.Build.0 = Debug|Any CPU
		{5618E027-0327-4D4C-AC60-72FFC73B5144}.Release|Any CPU.ActiveCfg = Release|Any CPU
		{5618E027-0327-4D4C-AC60-72FFC73B5144}.Release|Any CPU.Build.0 = Release|Any CPU
	EndGlobalSection
	GlobalSection(SolutionProperties) = preSolution
		HideSolutionNode = FALSE
	EndGlobalSection
	GlobalSection(ExtensibilityGlobals) = postSolution
		SolutionGuid = {1C87529D-A74F-46BB-B8EA-11A1CE7A216D}
	EndGlobalSection
EndGlobal
